
Microsoft Visual Studio Solution File, Format Version 12.00
# Visual Studio Version 16
VisualStudioVersion = 16.0.28803.156
MinimumVisualStudioVersion = 10.0.40219.1
Project("{FAE04EC0-301F-11D3-BF4B-00C04F79EFBC}") = "UabDashboard", "UabDashboard\UabDashboard.csproj", "{F39552C7-F3EC-4CFA-8FA0-01F828B3C0FD}"
EndProject
Global
	GlobalSection(SolutionConfigurationPlatforms) = preSolution
		Debug|Any CPU = Debug|Any CPU
		Release|Any CPU = Release|Any CPU
	EndGlobalSection
	GlobalSection(ProjectConfigurationPlatforms) = postSolution
		{F39552C7-F3EC-4CFA-8FA0-01F828B3C0FD}.Debug|Any CPU.ActiveCfg = Debug|Any CPU
		{F39552C7-F3EC-4CFA-8FA0-01F828B3C0FD}.Debug|Any CPU.Build.0 = Debug|Any CPU
		{F39552C7-F3EC-4CFA-8FA0-01F828B3C0FD}.Release|Any CPU.ActiveCfg = Release|Any CPU
		{F39552C7-F3EC-4CFA-8FA0-01F828B3C0FD}.Release|Any CPU.Build.0 = Release|Any CPU
	EndGlobalSection
	GlobalSection(SolutionProperties) = preSolution
		HideSolutionNode = FALSE
	EndGlobalSection
	GlobalSection(ExtensibilityGlobals) = postSolution
		SolutionGuid = {C8A3AFB3-27F8-4622-ABCE-D9DBB02E7749}
	EndGlobalSection
EndGlobal
